
Microsoft Visual Studio Solution File, Format Version 11.00
# Visual Studio 2010
Project("{8BC9CEB8-8B4A-11D0-8D11-00A0C91BC942}") = "FLANN_TEST", "FLANN_TEST\FLANN_TEST.vcxproj", "{31FB43DD-B6EE-4DC2-B667-17B82654DAF6}"
EndProject
Global
	GlobalSection(SolutionConfigurationPlatforms) = preSolution
		Debug|Win32 = Debug|Win32
		Release|Win32 = Release|Win32
	EndGlobalSection
	GlobalSection(ProjectConfigurationPlatforms) = postSolution
		{31FB43DD-B6EE-4DC2-B667-17B82654DAF6}.Debug|Win32.ActiveCfg = Debug|Win32
		{31FB43DD-B6EE-4DC2-B667-17B82654DAF6}.Debug|Win32.Build.0 = Debug|Win32
		{31FB43DD-B6EE-4DC2-B667-17B82654DAF6}.Release|Win32.ActiveCfg = Release|Win32
		{31FB43DD-B6EE-4DC2-B667-17B82654DAF6}.Release|Win32.Build.0 = Release|Win32
	EndGlobalSection
	GlobalSection(SolutionProperties) = preSolution
		HideSolutionNode = FALSE
	EndGlobalSection
EndGlobal
