
Microsoft Visual Studio Solution File, Format Version 11.00
# Visual Studio 2010
Project("{8BC9CEB8-8B4A-11D0-8D11-00A0C91BC942}") = "HoughCircles_test", "HoughCircles_test\HoughCircles_test.vcxproj", "{3649CC9C-6AB1-4A42-B1B1-124C93452F29}"
EndProject
Global
	GlobalSection(SolutionConfigurationPlatforms) = preSolution
		Debug|Win32 = Debug|Win32
		Release|Win32 = Release|Win32
	EndGlobalSection
	GlobalSection(ProjectConfigurationPlatforms) = postSolution
		{3649CC9C-6AB1-4A42-B1B1-124C93452F29}.Debug|Win32.ActiveCfg = Debug|Win32
		{3649CC9C-6AB1-4A42-B1B1-124C93452F29}.Debug|Win32.Build.0 = Debug|Win32
		{3649CC9C-6AB1-4A42-B1B1-124C93452F29}.Release|Win32.ActiveCfg = Release|Win32
		{3649CC9C-6AB1-4A42-B1B1-124C93452F29}.Release|Win32.Build.0 = Release|Win32
	EndGlobalSection
	GlobalSection(SolutionProperties) = preSolution
		HideSolutionNode = FALSE
	EndGlobalSection
EndGlobal
