
Microsoft Visual Studio Solution File, Format Version 11.00
# Visual Studio 2010
Project("{8BC9CEB8-8B4A-11D0-8D11-00A0C91BC942}") = "Shi_Tomasi", "Shi_Tomasi\Shi_Tomasi.vcxproj", "{4EA7189C-A066-4241-AE5F-F2D1B145EDA0}"
EndProject
Global
	GlobalSection(SolutionConfigurationPlatforms) = preSolution
		Debug|Win32 = Debug|Win32
		Release|Win32 = Release|Win32
	EndGlobalSection
	GlobalSection(ProjectConfigurationPlatforms) = postSolution
		{4EA7189C-A066-4241-AE5F-F2D1B145EDA0}.Debug|Win32.ActiveCfg = Debug|Win32
		{4EA7189C-A066-4241-AE5F-F2D1B145EDA0}.Debug|Win32.Build.0 = Debug|Win32
		{4EA7189C-A066-4241-AE5F-F2D1B145EDA0}.Release|Win32.ActiveCfg = Release|Win32
		{4EA7189C-A066-4241-AE5F-F2D1B145EDA0}.Release|Win32.Build.0 = Release|Win32
	EndGlobalSection
	GlobalSection(SolutionProperties) = preSolution
		HideSolutionNode = FALSE
	EndGlobalSection
EndGlobal
