
Microsoft Visual Studio Solution File, Format Version 11.00
# Visual Studio 2010
Project("{8BC9CEB8-8B4A-11D0-8D11-00A0C91BC942}") = "SURF", "SURF\SURF.vcxproj", "{D8A9654B-8B9B-4B0E-9E27-2D63954CA4F2}"
EndProject
Global
	GlobalSection(SolutionConfigurationPlatforms) = preSolution
		Debug|Win32 = Debug|Win32
		Release|Win32 = Release|Win32
	EndGlobalSection
	GlobalSection(ProjectConfigurationPlatforms) = postSolution
		{D8A9654B-8B9B-4B0E-9E27-2D63954CA4F2}.Debug|Win32.ActiveCfg = Debug|Win32
		{D8A9654B-8B9B-4B0E-9E27-2D63954CA4F2}.Debug|Win32.Build.0 = Debug|Win32
		{D8A9654B-8B9B-4B0E-9E27-2D63954CA4F2}.Release|Win32.ActiveCfg = Release|Win32
		{D8A9654B-8B9B-4B0E-9E27-2D63954CA4F2}.Release|Win32.Build.0 = Release|Win32
	EndGlobalSection
	GlobalSection(SolutionProperties) = preSolution
		HideSolutionNode = FALSE
	EndGlobalSection
EndGlobal
