
Microsoft Visual Studio Solution File, Format Version 11.00
# Visual Studio 2010
Project("{8BC9CEB8-8B4A-11D0-8D11-00A0C91BC942}") = "convexHull_test", "convexHull_test\convexHull_test.vcxproj", "{A1B1CDE0-E244-4615-BDA0-E91F03C55964}"
EndProject
Global
	GlobalSection(SolutionConfigurationPlatforms) = preSolution
		Debug|Win32 = Debug|Win32
		Release|Win32 = Release|Win32
	EndGlobalSection
	GlobalSection(ProjectConfigurationPlatforms) = postSolution
		{A1B1CDE0-E244-4615-BDA0-E91F03C55964}.Debug|Win32.ActiveCfg = Debug|Win32
		{A1B1CDE0-E244-4615-BDA0-E91F03C55964}.Debug|Win32.Build.0 = Debug|Win32
		{A1B1CDE0-E244-4615-BDA0-E91F03C55964}.Release|Win32.ActiveCfg = Release|Win32
		{A1B1CDE0-E244-4615-BDA0-E91F03C55964}.Release|Win32.Build.0 = Release|Win32
	EndGlobalSection
	GlobalSection(SolutionProperties) = preSolution
		HideSolutionNode = FALSE
	EndGlobalSection
EndGlobal
