
Microsoft Visual Studio Solution File, Format Version 11.00
# Visual Studio 2010
Project("{8BC9CEB8-8B4A-11D0-8D11-00A0C91BC942}") = "calcHist_h_s", "calcHist_h_s\calcHist_h_s.vcxproj", "{0CF67EEE-A0FD-4207-BA67-9D7C39CFE458}"
EndProject
Global
	GlobalSection(SolutionConfigurationPlatforms) = preSolution
		Debug|Win32 = Debug|Win32
		Release|Win32 = Release|Win32
	EndGlobalSection
	GlobalSection(ProjectConfigurationPlatforms) = postSolution
		{0CF67EEE-A0FD-4207-BA67-9D7C39CFE458}.Debug|Win32.ActiveCfg = Debug|Win32
		{0CF67EEE-A0FD-4207-BA67-9D7C39CFE458}.Debug|Win32.Build.0 = Debug|Win32
		{0CF67EEE-A0FD-4207-BA67-9D7C39CFE458}.Release|Win32.ActiveCfg = Release|Win32
		{0CF67EEE-A0FD-4207-BA67-9D7C39CFE458}.Release|Win32.Build.0 = Release|Win32
	EndGlobalSection
	GlobalSection(SolutionProperties) = preSolution
		HideSolutionNode = FALSE
	EndGlobalSection
EndGlobal
